// !$*UTF8*$!
{
	archiveVersion = 1;
	classes = {
	};
	objectVersion = 46;
	objects = {

/* Begin PBXBuildFile section */
		747293ED1E7A594400DF1BFD /* SNCalendarTests.swift in Sources */ = {isa = PBXBuildFile; fileRef = 747293EC1E7A594400DF1BFD /* SNCalendarTests.swift */; };
		747293F51E7BB4C200DF1BFD /* SNOperator.swift in Sources */ = {isa = PBXBuildFile; fileRef = 747293F41E7BB4C200DF1BFD /* SNOperator.swift */; };
		760AB7401E794BC400C29F43 /* AppDelegate.swift in Sources */ = {isa = PBXBuildFile; fileRef = 760AB73F1E794BC400C29F43 /* AppDelegate.swift */; };
		760AB7421E794BC400C29F43 /* ViewController.swift in Sources */ = {isa = PBXBuildFile; fileRef = 760AB7411E794BC400C29F43 /* ViewController.swift */; };
		760AB7451E794BC400C29F43 /* Main.storyboard in Resources */ = {isa = PBXBuildFile; fileRef = 760AB7431E794BC400C29F43 /* Main.storyboard */; };
		760AB7471E794BC400C29F43 /* Assets.xcassets in Resources */ = {isa = PBXBuildFile; fileRef = 760AB7461E794BC400C29F43 /* Assets.xcassets */; };
		760AB74A1E794BC400C29F43 /* LaunchScreen.storyboard in Resources */ = {isa = PBXBuildFile; fileRef = 760AB7481E794BC400C29F43 /* LaunchScreen.storyboard */; };
		760AB7551E794BC400C29F43 /* SNMichealCalendarTests.swift in Sources */ = {isa = PBXBuildFile; fileRef = 760AB7541E794BC400C29F43 /* SNMichealCalendarTests.swift */; };
		760AB7601E794BC400C29F43 /* SNMichealCalendarUITests.swift in Sources */ = {isa = PBXBuildFile; fileRef = 760AB75F1E794BC400C29F43 /* SNMichealCalendarUITests.swift */; };
		760AB7701E794FAF00C29F43 /* SNMichealCalendarFunction.swift in Sources */ = {isa = PBXBuildFile; fileRef = 760AB76F1E794FAF00C29F43 /* SNMichealCalendarFunction.swift */; };
		760AB7721E794FE100C29F43 /* SNCommon.swift in Sources */ = {isa = PBXBuildFile; fileRef = 760AB7711E794FE100C29F43 /* SNCommon.swift */; };
		760AB7741E79516D00C29F43 /* SNMichealCalendarView.swift in Sources */ = {isa = PBXBuildFile; fileRef = 760AB7731E79516D00C29F43 /* SNMichealCalendarView.swift */; };
		760AB7771E7958B800C29F43 /* leftArrow.png in Resources */ = {isa = PBXBuildFile; fileRef = 760AB7761E7958B800C29F43 /* leftArrow.png */; };
		760AB7791E7958C000C29F43 /* rightArrow.png in Resources */ = {isa = PBXBuildFile; fileRef = 760AB7781E7958C000C29F43 /* rightArrow.png */; };
		760AB79C1E7988D000C29F43 /* Constraint.swift in Sources */ = {isa = PBXBuildFile; fileRef = 760AB77B1E7988D000C29F43 /* Constraint.swift */; };
		760AB79D1E7988D000C29F43 /* ConstraintAttributes.swift in Sources */ = {isa = PBXBuildFile; fileRef = 760AB77C1E7988D000C29F43 /* ConstraintAttributes.swift */; };
		760AB79E1E7988D000C29F43 /* ConstraintConfig.swift in Sources */ = {isa = PBXBuildFile; fileRef = 760AB77D1E7988D000C29F43 /* ConstraintConfig.swift */; };
		760AB79F1E7988D000C29F43 /* ConstraintConstantTarget.swift in Sources */ = {isa = PBXBuildFile; fileRef = 760AB77E1E7988D000C29F43 /* ConstraintConstantTarget.swift */; };
		760AB7A01E7988D000C29F43 /* ConstraintDescription.swift in Sources */ = {isa = PBXBuildFile; fileRef = 760AB77F1E7988D000C29F43 /* ConstraintDescription.swift */; };
		760AB7A11E7988D000C29F43 /* ConstraintDSL.swift in Sources */ = {isa = PBXBuildFile; fileRef = 760AB7801E7988D000C29F43 /* ConstraintDSL.swift */; };
		760AB7A21E7988D000C29F43 /* ConstraintInsets.swift in Sources */ = {isa = PBXBuildFile; fileRef = 760AB7811E7988D000C29F43 /* ConstraintInsets.swift */; };
		760AB7A31E7988D000C29F43 /* ConstraintInsetTarget.swift in Sources */ = {isa = PBXBuildFile; fileRef = 760AB7821E7988D000C29F43 /* ConstraintInsetTarget.swift */; };
		760AB7A41E7988D000C29F43 /* ConstraintItem.swift in Sources */ = {isa = PBXBuildFile; fileRef = 760AB7831E7988D000C29F43 /* ConstraintItem.swift */; };
		760AB7A51E7988D000C29F43 /* ConstraintLayoutGuide.swift in Sources */ = {isa = PBXBuildFile; fileRef = 760AB7841E7988D000C29F43 /* ConstraintLayoutGuide.swift */; };
		760AB7A61E7988D000C29F43 /* ConstraintLayoutGuideDSL.swift in Sources */ = {isa = PBXBuildFile; fileRef = 760AB7851E7988D000C29F43 /* ConstraintLayoutGuideDSL.swift */; };
		760AB7A71E7988D000C29F43 /* ConstraintLayoutSupport.swift in Sources */ = {isa = PBXBuildFile; fileRef = 760AB7861E7988D000C29F43 /* ConstraintLayoutSupport.swift */; };
		760AB7A81E7988D000C29F43 /* ConstraintLayoutSupportDSL.swift in Sources */ = {isa = PBXBuildFile; fileRef = 760AB7871E7988D000C29F43 /* ConstraintLayoutSupportDSL.swift */; };
		760AB7A91E7988D000C29F43 /* ConstraintMaker.swift in Sources */ = {isa = PBXBuildFile; fileRef = 760AB7881E7988D000C29F43 /* ConstraintMaker.swift */; };
		760AB7AA1E7988D000C29F43 /* ConstraintMakerEditable.swift in Sources */ = {isa = PBXBuildFile; fileRef = 760AB7891E7988D000C29F43 /* ConstraintMakerEditable.swift */; };
		760AB7AB1E7988D000C29F43 /* ConstraintMakerExtendable.swift in Sources */ = {isa = PBXBuildFile; fileRef = 760AB78A1E7988D000C29F43 /* ConstraintMakerExtendable.swift */; };
		760AB7AC1E7988D000C29F43 /* ConstraintMakerFinalizable.swift in Sources */ = {isa = PBXBuildFile; fileRef = 760AB78B1E7988D000C29F43 /* ConstraintMakerFinalizable.swift */; };
		760AB7AD1E7988D000C29F43 /* ConstraintMakerPriortizable.swift in Sources */ = {isa = PBXBuildFile; fileRef = 760AB78C1E7988D000C29F43 /* ConstraintMakerPriortizable.swift */; };
		760AB7AE1E7988D000C29F43 /* ConstraintMakerRelatable.swift in Sources */ = {isa = PBXBuildFile; fileRef = 760AB78D1E7988D000C29F43 /* ConstraintMakerRelatable.swift */; };
		760AB7AF1E7988D000C29F43 /* ConstraintMultiplierTarget.swift in Sources */ = {isa = PBXBuildFile; fileRef = 760AB78E1E7988D000C29F43 /* ConstraintMultiplierTarget.swift */; };
		760AB7B01E7988D000C29F43 /* ConstraintOffsetTarget.swift in Sources */ = {isa = PBXBuildFile; fileRef = 760AB78F1E7988D000C29F43 /* ConstraintOffsetTarget.swift */; };
		760AB7B11E7988D000C29F43 /* ConstraintPriorityTarget.swift in Sources */ = {isa = PBXBuildFile; fileRef = 760AB7901E7988D000C29F43 /* ConstraintPriorityTarget.swift */; };
		760AB7B21E7988D000C29F43 /* ConstraintRelatableTarget.swift in Sources */ = {isa = PBXBuildFile; fileRef = 760AB7911E7988D000C29F43 /* ConstraintRelatableTarget.swift */; };
		760AB7B31E7988D000C29F43 /* ConstraintRelation.swift in Sources */ = {isa = PBXBuildFile; fileRef = 760AB7921E7988D000C29F43 /* ConstraintRelation.swift */; };
		760AB7B41E7988D000C29F43 /* ConstraintView+Extensions.swift in Sources */ = {isa = PBXBuildFile; fileRef = 760AB7931E7988D000C29F43 /* ConstraintView+Extensions.swift */; };
		760AB7B51E7988D000C29F43 /* ConstraintView.swift in Sources */ = {isa = PBXBuildFile; fileRef = 760AB7941E7988D000C29F43 /* ConstraintView.swift */; };
		760AB7B61E7988D000C29F43 /* ConstraintViewDSL.swift in Sources */ = {isa = PBXBuildFile; fileRef = 760AB7951E7988D000C29F43 /* ConstraintViewDSL.swift */; };
		760AB7B71E7988D000C29F43 /* Debugging.swift in Sources */ = {isa = PBXBuildFile; fileRef = 760AB7961E7988D000C29F43 /* Debugging.swift */; };
		760AB7B81E7988D000C29F43 /* Info.plist in Resources */ = {isa = PBXBuildFile; fileRef = 760AB7971E7988D000C29F43 /* Info.plist */; };
		760AB7B91E7988D000C29F43 /* LayoutConstraint.swift in Sources */ = {isa = PBXBuildFile; fileRef = 760AB7981E7988D000C29F43 /* LayoutConstraint.swift */; };
		760AB7BA1E7988D000C29F43 /* UILayoutGuide+Extensions.swift in Sources */ = {isa = PBXBuildFile; fileRef = 760AB79A1E7988D000C29F43 /* UILayoutGuide+Extensions.swift */; };
		760AB7BB1E7988D000C29F43 /* UILayoutSupport+Extensions.swift in Sources */ = {isa = PBXBuildFile; fileRef = 760AB79B1E7988D000C29F43 /* UILayoutSupport+Extensions.swift */; };
		760AB7BD1E79AE7C00C29F43 /* SNMichealCalendarWeekReusableView.swift in Sources */ = {isa = PBXBuildFile; fileRef = 760AB7BC1E79AE7C00C29F43 /* SNMichealCalendarWeekReusableView.swift */; };
		760AB7BF1E79AEE300C29F43 /* SNMichealCalenderCell.swift in Sources */ = {isa = PBXBuildFile; fileRef = 760AB7BE1E79AEE300C29F43 /* SNMichealCalenderCell.swift */; };
		760AB7FD1E7AD75800C29F43 /* SNCalendarUntil.swift in Sources */ = {isa = PBXBuildFile; fileRef = 760AB7FC1E7AD75800C29F43 /* SNCalendarUntil.swift */; };
		760AB7FF1E7AD9B100C29F43 /* SNMichealCalendar.swift in Sources */ = {isa = PBXBuildFile; fileRef = 760AB7FE1E7AD9B100C29F43 /* SNMichealCalendar.swift */; };
/* End PBXBuildFile section */

/* Begin PBXContainerItemProxy section */
		747293EF1E7A594400DF1BFD /* PBXContainerItemProxy */ = {
			isa = PBXContainerItemProxy;
			containerPortal = 760AB7341E794BC400C29F43 /* Project object */;
			proxyType = 1;
			remoteGlobalIDString = 760AB73B1E794BC400C29F43;
			remoteInfo = SNMichealCalendar;
		};
		760AB7511E794BC400C29F43 /* PBXContainerItemProxy */ = {
			isa = PBXContainerItemProxy;
			containerPortal = 760AB7341E794BC400C29F43 /* Project object */;
			proxyType = 1;
			remoteGlobalIDString = 760AB73B1E794BC400C29F43;
			remoteInfo = SNMichealCalendar;
		};
		760AB75C1E794BC400C29F43 /* PBXContainerItemProxy */ = {
			isa = PBXContainerItemProxy;
			containerPortal = 760AB7341E794BC400C29F43 /* Project object */;
			proxyType = 1;
			remoteGlobalIDString = 760AB73B1E794BC400C29F43;
			remoteInfo = SNMichealCalendar;
		};
/* End PBXContainerItemProxy section */

/* Begin PBXFileReference section */
		747293EA1E7A594400DF1BFD /* SNCalendarTests.xctest */ = {isa = PBXFileReference; explicitFileType = wrapper.cfbundle; includeInIndex = 0; path = SNCalendarTests.xctest; sourceTree = BUILT_PRODUCTS_DIR; };
		747293EC1E7A594400DF1BFD /* SNCalendarTests.swift */ = {isa = PBXFileReference; lastKnownFileType = sourcecode.swift; path = SNCalendarTests.swift; sourceTree = "<group>"; };
		747293EE1E7A594400DF1BFD /* Info.plist */ = {isa = PBXFileReference; lastKnownFileType = text.plist.xml; path = Info.plist; sourceTree = "<group>"; };
		747293F41E7BB4C200DF1BFD /* SNOperator.swift */ = {isa = PBXFileReference; fileEncoding = 4; lastKnownFileType = sourcecode.swift; path = SNOperator.swift; sourceTree = "<group>"; };
		760AB73C1E794BC400C29F43 /* SNMichealCalendar.app */ = {isa = PBXFileReference; explicitFileType = wrapper.application; includeInIndex = 0; path = SNMichealCalendar.app; sourceTree = BUILT_PRODUCTS_DIR; };
		760AB73F1E794BC400C29F43 /* AppDelegate.swift */ = {isa = PBXFileReference; lastKnownFileType = sourcecode.swift; path = AppDelegate.swift; sourceTree = "<group>"; };
		760AB7411E794BC400C29F43 /* ViewController.swift */ = {isa = PBXFileReference; lastKnownFileType = sourcecode.swift; path = ViewController.swift; sourceTree = "<group>"; };
		760AB7441E794BC400C29F43 /* Base */ = {isa = PBXFileReference; lastKnownFileType = file.storyboard; name = Base; path = Base.lproj/Main.storyboard; sourceTree = "<group>"; };
		760AB7461E794BC400C29F43 /* Assets.xcassets */ = {isa = PBXFileReference; lastKnownFileType = folder.assetcatalog; path = Assets.xcassets; sourceTree = "<group>"; };
		760AB7491E794BC400C29F43 /* Base */ = {isa = PBXFileReference; lastKnownFileType = file.storyboard; name = Base; path = Base.lproj/LaunchScreen.storyboard; sourceTree = "<group>"; };
		760AB74B1E794BC400C29F43 /* Info.plist */ = {isa = PBXFileReference; lastKnownFileType = text.plist.xml; path = Info.plist; sourceTree = "<group>"; };
		760AB7501E794BC400C29F43 /* SNMichealCalendarTests.xctest */ = {isa = PBXFileReference; explicitFileType = wrapper.cfbundle; includeInIndex = 0; path = SNMichealCalendarTests.xctest; sourceTree = BUILT_PRODUCTS_DIR; };
		760AB7541E794BC400C29F43 /* SNMichealCalendarTests.swift */ = {isa = PBXFileReference; lastKnownFileType = sourcecode.swift; path = SNMichealCalendarTests.swift; sourceTree = "<group>"; };
		760AB7561E794BC400C29F43 /* Info.plist */ = {isa = PBXFileReference; lastKnownFileType = text.plist.xml; path = Info.plist; sourceTree = "<group>"; };
		760AB75B1E794BC400C29F43 /* SNMichealCalendarUITests.xctest */ = {isa = PBXFileReference; explicitFileType = wrapper.cfbundle; includeInIndex = 0; path = SNMichealCalendarUITests.xctest; sourceTree = BUILT_PRODUCTS_DIR; };
		760AB75F1E794BC400C29F43 /* SNMichealCalendarUITests.swift */ = {isa = PBXFileReference; lastKnownFileType = sourcecode.swift; path = SNMichealCalendarUITests.swift; sourceTree = "<group>"; };
		760AB7611E794BC400C29F43 /* Info.plist */ = {isa = PBXFileReference; lastKnownFileType = text.plist.xml; path = Info.plist; sourceTree = "<group>"; };
		760AB76F1E794FAF00C29F43 /* SNMichealCalendarFunction.swift */ = {isa = PBXFileReference; fileEncoding = 4; lastKnownFileType = sourcecode.swift; path = SNMichealCalendarFunction.swift; sourceTree = "<group>"; };
		760AB7711E794FE100C29F43 /* SNCommon.swift */ = {isa = PBXFileReference; fileEncoding = 4; lastKnownFileType = sourcecode.swift; path = SNCommon.swift; sourceTree = "<group>"; };
		760AB7731E79516D00C29F43 /* SNMichealCalendarView.swift */ = {isa = PBXFileReference; fileEncoding = 4; lastKnownFileType = sourcecode.swift; path = SNMichealCalendarView.swift; sourceTree = "<group>"; };
		760AB7761E7958B800C29F43 /* leftArrow.png */ = {isa = PBXFileReference; lastKnownFileType = image.png; path = leftArrow.png; sourceTree = "<group>"; };
		760AB7781E7958C000C29F43 /* rightArrow.png */ = {isa = PBXFileReference; lastKnownFileType = image.png; path = rightArrow.png; sourceTree = "<group>"; };
		760AB77B1E7988D000C29F43 /* Constraint.swift */ = {isa = PBXFileReference; fileEncoding = 4; lastKnownFileType = sourcecode.swift; path = Constraint.swift; sourceTree = "<group>"; };
		760AB77C1E7988D000C29F43 /* ConstraintAttributes.swift */ = {isa = PBXFileReference; fileEncoding = 4; lastKnownFileType = sourcecode.swift; path = ConstraintAttributes.swift; sourceTree = "<group>"; };
		760AB77D1E7988D000C29F43 /* ConstraintConfig.swift */ = {isa = PBXFileReference; fileEncoding = 4; lastKnownFileType = sourcecode.swift; path = ConstraintConfig.swift; sourceTree = "<group>"; };
		760AB77E1E7988D000C29F43 /* ConstraintConstantTarget.swift */ = {isa = PBXFileReference; fileEncoding = 4; lastKnownFileType = sourcecode.swift; path = ConstraintConstantTarget.swift; sourceTree = "<group>"; };
		760AB77F1E7988D000C29F43 /* ConstraintDescription.swift */ = {isa = PBXFileReference; fileEncoding = 4; lastKnownFileType = sourcecode.swift; path = ConstraintDescription.swift; sourceTree = "<group>"; };
		760AB7801E7988D000C29F43 /* ConstraintDSL.swift */ = {isa = PBXFileReference; fileEncoding = 4; lastKnownFileType = sourcecode.swift; path = ConstraintDSL.swift; sourceTree = "<group>"; };
		760AB7811E7988D000C29F43 /* ConstraintInsets.swift */ = {isa = PBXFileReference; fileEncoding = 4; lastKnownFileType = sourcecode.swift; path = ConstraintInsets.swift; sourceTree = "<group>"; };
		760AB7821E7988D000C29F43 /* ConstraintInsetTarget.swift */ = {isa = PBXFileReference; fileEncoding = 4; lastKnownFileType = sourcecode.swift; path = ConstraintInsetTarget.swift; sourceTree = "<group>"; };
		760AB7831E7988D000C29F43 /* ConstraintItem.swift */ = {isa = PBXFileReference; fileEncoding = 4; lastKnownFileType = sourcecode.swift; path = ConstraintItem.swift; sourceTree = "<group>"; };
		760AB7841E7988D000C29F43 /* ConstraintLayoutGuide.swift */ = {isa = PBXFileReference; fileEncoding = 4; lastKnownFileType = sourcecode.swift; path = ConstraintLayoutGuide.swift; sourceTree = "<group>"; };
		760AB7851E7988D000C29F43 /* ConstraintLayoutGuideDSL.swift */ = {isa = PBXFileReference; fileEncoding = 4; lastKnownFileType = sourcecode.swift; path = ConstraintLayoutGuideDSL.swift; sourceTree = "<group>"; };
		760AB7861E7988D000C29F43 /* ConstraintLayoutSupport.swift */ = {isa = PBXFileReference; fileEncoding = 4; lastKnownFileType = sourcecode.swift; path = ConstraintLayoutSupport.swift; sourceTree = "<group>"; };
		760AB7871E7988D000C29F43 /* ConstraintLayoutSupportDSL.swift */ = {isa = PBXFileReference; fileEncoding = 4; lastKnownFileType = sourcecode.swift; path = ConstraintLayoutSupportDSL.swift; sourceTree = "<group>"; };
		760AB7881E7988D000C29F43 /* ConstraintMaker.swift */ = {isa = PBXFileReference; fileEncoding = 4; lastKnownFileType = sourcecode.swift; path = ConstraintMaker.swift; sourceTree = "<group>"; };
		760AB7891E7988D000C29F43 /* ConstraintMakerEditable.swift */ = {isa = PBXFileReference; fileEncoding = 4; lastKnownFileType = sourcecode.swift; path = ConstraintMakerEditable.swift; sourceTree = "<group>"; };
		760AB78A1E7988D000C29F43 /* ConstraintMakerExtendable.swift */ = {isa = PBXFileReference; fileEncoding = 4; lastKnownFileType = sourcecode.swift; path = ConstraintMakerExtendable.swift; sourceTree = "<group>"; };
		760AB78B1E7988D000C29F43 /* ConstraintMakerFinalizable.swift */ = {isa = PBXFileReference; fileEncoding = 4; lastKnownFileType = sourcecode.swift; path = ConstraintMakerFinalizable.swift; sourceTree = "<group>"; };
		760AB78C1E7988D000C29F43 /* ConstraintMakerPriortizable.swift */ = {isa = PBXFileReference; fileEncoding = 4; lastKnownFileType = sourcecode.swift; path = ConstraintMakerPriortizable.swift; sourceTree = "<group>"; };
		760AB78D1E7988D000C29F43 /* ConstraintMakerRelatable.swift */ = {isa = PBXFileReference; fileEncoding = 4; lastKnownFileType = sourcecode.swift; path = ConstraintMakerRelatable.swift; sourceTree = "<group>"; };
		760AB78E1E7988D000C29F43 /* ConstraintMultiplierTarget.swift */ = {isa = PBXFileReference; fileEncoding = 4; lastKnownFileType = sourcecode.swift; path = ConstraintMultiplierTarget.swift; sourceTree = "<group>"; };
		760AB78F1E7988D000C29F43 /* ConstraintOffsetTarget.swift */ = {isa = PBXFileReference; fileEncoding = 4; lastKnownFileType = sourcecode.swift; path = ConstraintOffsetTarget.swift; sourceTree = "<group>"; };
		760AB7901E7988D000C29F43 /* ConstraintPriorityTarget.swift */ = {isa = PBXFileReference; fileEncoding = 4; lastKnownFileType = sourcecode.swift; path = ConstraintPriorityTarget.swift; sourceTree = "<group>"; };
		760AB7911E7988D000C29F43 /* ConstraintRelatableTarget.swift */ = {isa = PBXFileReference; fileEncoding = 4; lastKnownFileType = sourcecode.swift; path = ConstraintRelatableTarget.swift; sourceTree = "<group>"; };
		760AB7921E7988D000C29F43 /* ConstraintRelation.swift */ = {isa = PBXFileReference; fileEncoding = 4; lastKnownFileType = sourcecode.swift; path = ConstraintRelation.swift; sourceTree = "<group>"; };
		760AB7931E7988D000C29F43 /* ConstraintView+Extensions.swift */ = {isa = PBXFileReference; fileEncoding = 4; lastKnownFileType = sourcecode.swift; path = "ConstraintView+Extensions.swift"; sourceTree = "<group>"; };
		760AB7941E7988D000C29F43 /* ConstraintView.swift */ = {isa = PBXFileReference; fileEncoding = 4; lastKnownFileType = sourcecode.swift; path = ConstraintView.swift; sourceTree = "<group>"; };
		760AB7951E7988D000C29F43 /* ConstraintViewDSL.swift */ = {isa = PBXFileReference; fileEncoding = 4; lastKnownFileType = sourcecode.swift; path = ConstraintViewDSL.swift; sourceTree = "<group>"; };
		760AB7961E7988D000C29F43 /* Debugging.swift */ = {isa = PBXFileReference; fileEncoding = 4; lastKnownFileType = sourcecode.swift; path = Debugging.swift; sourceTree = "<group>"; };
		760AB7971E7988D000C29F43 /* Info.plist */ = {isa = PBXFileReference; fileEncoding = 4; lastKnownFileType = text.plist.xml; path = Info.plist; sourceTree = "<group>"; };
		760AB7981E7988D000C29F43 /* LayoutConstraint.swift */ = {isa = PBXFileReference; fileEncoding = 4; lastKnownFileType = sourcecode.swift; path = LayoutConstraint.swift; sourceTree = "<group>"; };
		760AB7991E7988D000C29F43 /* SnapKit.h */ = {isa = PBXFileReference; fileEncoding = 4; lastKnownFileType = sourcecode.c.h; path = SnapKit.h; sourceTree = "<group>"; };
		760AB79A1E7988D000C29F43 /* UILayoutGuide+Extensions.swift */ = {isa = PBXFileReference; fileEncoding = 4; lastKnownFileType = sourcecode.swift; path = "UILayoutGuide+Extensions.swift"; sourceTree = "<group>"; };
		760AB79B1E7988D000C29F43 /* UILayoutSupport+Extensions.swift */ = {isa = PBXFileReference; fileEncoding = 4; lastKnownFileType = sourcecode.swift; path = "UILayoutSupport+Extensions.swift"; sourceTree = "<group>"; };
		760AB7BC1E79AE7C00C29F43 /* SNMichealCalendarWeekReusableView.swift */ = {isa = PBXFileReference; fileEncoding = 4; lastKnownFileType = sourcecode.swift; path = SNMichealCalendarWeekReusableView.swift; sourceTree = "<group>"; };
		760AB7BE1E79AEE300C29F43 /* SNMichealCalenderCell.swift */ = {isa = PBXFileReference; fileEncoding = 4; lastKnownFileType = sourcecode.swift; path = SNMichealCalenderCell.swift; sourceTree = "<group>"; };
		760AB7FC1E7AD75800C29F43 /* SNCalendarUntil.swift */ = {isa = PBXFileReference; fileEncoding = 4; lastKnownFileType = sourcecode.swift; path = SNCalendarUntil.swift; sourceTree = "<group>"; };
		760AB7FE1E7AD9B100C29F43 /* SNMichealCalendar.swift */ = {isa = PBXFileReference; fileEncoding = 4; lastKnownFileType = sourcecode.swift; path = SNMichealCalendar.swift; sourceTree = "<group>"; };
/* End PBXFileReference section */

/* Begin PBXFrameworksBuildPhase section */
		747293E71E7A594400DF1BFD /* Frameworks */ = {
			isa = PBXFrameworksBuildPhase;
			buildActionMask = 2147483647;
			files = (
			);
			runOnlyForDeploymentPostprocessing = 0;
		};
		760AB7391E794BC400C29F43 /* Frameworks */ = {
			isa = PBXFrameworksBuildPhase;
			buildActionMask = 2147483647;
			files = (
			);
			runOnlyForDeploymentPostprocessing = 0;
		};
		760AB74D1E794BC400C29F43 /* Frameworks */ = {
			isa = PBXFrameworksBuildPhase;
			buildActionMask = 2147483647;
			files = (
			);
			runOnlyForDeploymentPostprocessing = 0;
		};
		760AB7581E794BC400C29F43 /* Frameworks */ = {
			isa = PBXFrameworksBuildPhase;
			buildActionMask = 2147483647;
			files = (
			);
			runOnlyForDeploymentPostprocessing = 0;
		};
/* End PBXFrameworksBuildPhase section */

/* Begin PBXGroup section */
		747293EB1E7A594400DF1BFD /* SNCalendarTests */ = {
			isa = PBXGroup;
			children = (
				747293EC1E7A594400DF1BFD /* SNCalendarTests.swift */,
				747293EE1E7A594400DF1BFD /* Info.plist */,
			);
			path = SNCalendarTests;
			sourceTree = "<group>";
		};
		760AB7331E794BC400C29F43 = {
			isa = PBXGroup;
			children = (
				760AB76E1E794F4800C29F43 /* SNMichealCalenders */,
				760AB73E1E794BC400C29F43 /* SNMichealCalendar */,
				760AB7531E794BC400C29F43 /* SNMichealCalendarTests */,
				760AB75E1E794BC400C29F43 /* SNMichealCalendarUITests */,
				747293EB1E7A594400DF1BFD /* SNCalendarTests */,
				760AB73D1E794BC400C29F43 /* Products */,
			);
			sourceTree = "<group>";
		};
		760AB73D1E794BC400C29F43 /* Products */ = {
			isa = PBXGroup;
			children = (
				760AB73C1E794BC400C29F43 /* SNMichealCalendar.app */,
				760AB7501E794BC400C29F43 /* SNMichealCalendarTests.xctest */,
				760AB75B1E794BC400C29F43 /* SNMichealCalendarUITests.xctest */,
				747293EA1E7A594400DF1BFD /* SNCalendarTests.xctest */,
			);
			name = Products;
			sourceTree = "<group>";
		};
		760AB73E1E794BC400C29F43 /* SNMichealCalendar */ = {
			isa = PBXGroup;
			children = (
				760AB77A1E7988D000C29F43 /* SnapKit */,
				760AB73F1E794BC400C29F43 /* AppDelegate.swift */,
				760AB7411E794BC400C29F43 /* ViewController.swift */,
				760AB7431E794BC400C29F43 /* Main.storyboard */,
				760AB7461E794BC400C29F43 /* Assets.xcassets */,
				760AB7481E794BC400C29F43 /* LaunchScreen.storyboard */,
				760AB74B1E794BC400C29F43 /* Info.plist */,
			);
			path = SNMichealCalendar;
			sourceTree = "<group>";
		};
		760AB7531E794BC400C29F43 /* SNMichealCalendarTests */ = {
			isa = PBXGroup;
			children = (
				760AB7541E794BC400C29F43 /* SNMichealCalendarTests.swift */,
				760AB7561E794BC400C29F43 /* Info.plist */,
			);
			path = SNMichealCalendarTests;
			sourceTree = "<group>";
		};
		760AB75E1E794BC400C29F43 /* SNMichealCalendarUITests */ = {
			isa = PBXGroup;
			children = (
				760AB75F1E794BC400C29F43 /* SNMichealCalendarUITests.swift */,
				760AB7611E794BC400C29F43 /* Info.plist */,
			);
			path = SNMichealCalendarUITests;
			sourceTree = "<group>";
		};
		760AB76E1E794F4800C29F43 /* SNMichealCalenders */ = {
			isa = PBXGroup;
			children = (
				760AB7FC1E7AD75800C29F43 /* SNCalendarUntil.swift */,
				760AB7751E7958A300C29F43 /* resource */,
				760AB7BE1E79AEE300C29F43 /* SNMichealCalenderCell.swift */,
				760AB76F1E794FAF00C29F43 /* SNMichealCalendarFunction.swift */,
				760AB7711E794FE100C29F43 /* SNCommon.swift */,
				760AB7731E79516D00C29F43 /* SNMichealCalendarView.swift */,
				760AB7BC1E79AE7C00C29F43 /* SNMichealCalendarWeekReusableView.swift */,
				760AB7FE1E7AD9B100C29F43 /* SNMichealCalendar.swift */,
				747293F41E7BB4C200DF1BFD /* SNOperator.swift */,
			);
			path = SNMichealCalenders;
			sourceTree = "<group>";
		};
		760AB7751E7958A300C29F43 /* resource */ = {
			isa = PBXGroup;
			children = (
				760AB7781E7958C000C29F43 /* rightArrow.png */,
				760AB7761E7958B800C29F43 /* leftArrow.png */,
			);
			name = resource;
			sourceTree = "<group>";
		};
		760AB77A1E7988D000C29F43 /* SnapKit */ = {
			isa = PBXGroup;
			children = (
				760AB77B1E7988D000C29F43 /* Constraint.swift */,
				760AB77C1E7988D000C29F43 /* ConstraintAttributes.swift */,
				760AB77D1E7988D000C29F43 /* ConstraintConfig.swift */,
				760AB77E1E7988D000C29F43 /* ConstraintConstantTarget.swift */,
				760AB77F1E7988D000C29F43 /* ConstraintDescription.swift */,
				760AB7801E7988D000C29F43 /* ConstraintDSL.swift */,
				760AB7811E7988D000C29F43 /* ConstraintInsets.swift */,
				760AB7821E7988D000C29F43 /* ConstraintInsetTarget.swift */,
				760AB7831E7988D000C29F43 /* ConstraintItem.swift */,
				760AB7841E7988D000C29F43 /* ConstraintLayoutGuide.swift */,
				760AB7851E7988D000C29F43 /* ConstraintLayoutGuideDSL.swift */,
				760AB7861E7988D000C29F43 /* ConstraintLayoutSupport.swift */,
				760AB7871E7988D000C29F43 /* ConstraintLayoutSupportDSL.swift */,
				760AB7881E7988D000C29F43 /* ConstraintMaker.swift */,
				760AB7891E7988D000C29F43 /* ConstraintMakerEditable.swift */,
				760AB78A1E7988D000C29F43 /* ConstraintMakerExtendable.swift */,
				760AB78B1E7988D000C29F43 /* ConstraintMakerFinalizable.swift */,
				760AB78C1E7988D000C29F43 /* ConstraintMakerPriortizable.swift */,
				760AB78D1E7988D000C29F43 /* ConstraintMakerRelatable.swift */,
				760AB78E1E7988D000C29F43 /* ConstraintMultiplierTarget.swift */,
				760AB78F1E7988D000C29F43 /* ConstraintOffsetTarget.swift */,
				760AB7901E7988D000C29F43 /* ConstraintPriorityTarget.swift */,
				760AB7911E7988D000C29F43 /* ConstraintRelatableTarget.swift */,
				760AB7921E7988D000C29F43 /* ConstraintRelation.swift */,
				760AB7931E7988D000C29F43 /* ConstraintView+Extensions.swift */,
				760AB7941E7988D000C29F43 /* ConstraintView.swift */,
				760AB7951E7988D000C29F43 /* ConstraintViewDSL.swift */,
				760AB7961E7988D000C29F43 /* Debugging.swift */,
				760AB7971E7988D000C29F43 /* Info.plist */,
				760AB7981E7988D000C29F43 /* LayoutConstraint.swift */,
				760AB7991E7988D000C29F43 /* SnapKit.h */,
				760AB79A1E7988D000C29F43 /* UILayoutGuide+Extensions.swift */,
				760AB79B1E7988D000C29F43 /* UILayoutSupport+Extensions.swift */,
			);
			path = SnapKit;
			sourceTree = "<group>";
		};
/* End PBXGroup section */

/* Begin PBXNativeTarget section */
		747293E91E7A594400DF1BFD /* SNCalendarTests */ = {
			isa = PBXNativeTarget;
			buildConfigurationList = 747293F11E7A594400DF1BFD /* Build configuration list for PBXNativeTarget "SNCalendarTests" */;
			buildPhases = (
				747293E61E7A594400DF1BFD /* Sources */,
				747293E71E7A594400DF1BFD /* Frameworks */,
				747293E81E7A594400DF1BFD /* Resources */,
			);
			buildRules = (
			);
			dependencies = (
				747293F01E7A594400DF1BFD /* PBXTargetDependency */,
			);
			name = SNCalendarTests;
			productName = SNCalendarTests;
			productReference = 747293EA1E7A594400DF1BFD /* SNCalendarTests.xctest */;
			productType = "com.apple.product-type.bundle.unit-test";
		};
		760AB73B1E794BC400C29F43 /* SNMichealCalendar */ = {
			isa = PBXNativeTarget;
			buildConfigurationList = 760AB7641E794BC400C29F43 /* Build configuration list for PBXNativeTarget "SNMichealCalendar" */;
			buildPhases = (
				760AB7381E794BC400C29F43 /* Sources */,
				760AB7391E794BC400C29F43 /* Frameworks */,
				760AB73A1E794BC400C29F43 /* Resources */,
			);
			buildRules = (
			);
			dependencies = (
			);
			name = SNMichealCalendar;
			productName = SNMichealCalendar;
			productReference = 760AB73C1E794BC400C29F43 /* SNMichealCalendar.app */;
			productType = "com.apple.product-type.application";
		};
		760AB74F1E794BC400C29F43 /* SNMichealCalendarTests */ = {
			isa = PBXNativeTarget;
			buildConfigurationList = 760AB7671E794BC400C29F43 /* Build configuration list for PBXNativeTarget "SNMichealCalendarTests" */;
			buildPhases = (
				760AB74C1E794BC400C29F43 /* Sources */,
				760AB74D1E794BC400C29F43 /* Frameworks */,
				760AB74E1E794BC400C29F43 /* Resources */,
			);
			buildRules = (
			);
			dependencies = (
				760AB7521E794BC400C29F43 /* PBXTargetDependency */,
			);
			name = SNMichealCalendarTests;
			productName = SNMichealCalendarTests;
			productReference = 760AB7501E794BC400C29F43 /* SNMichealCalendarTests.xctest */;
			productType = "com.apple.product-type.bundle.unit-test";
		};
		760AB75A1E794BC400C29F43 /* SNMichealCalendarUITests */ = {
			isa = PBXNativeTarget;
			buildConfigurationList = 760AB76A1E794BC400C29F43 /* Build configuration list for PBXNativeTarget "SNMichealCalendarUITests" */;
			buildPhases = (
				760AB7571E794BC400C29F43 /* Sources */,
				760AB7581E794BC400C29F43 /* Frameworks */,
				760AB7591E794BC400C29F43 /* Resources */,
			);
			buildRules = (
			);
			dependencies = (
				760AB75D1E794BC400C29F43 /* PBXTargetDependency */,
			);
			name = SNMichealCalendarUITests;
			productName = SNMichealCalendarUITests;
			productReference = 760AB75B1E794BC400C29F43 /* SNMichealCalendarUITests.xctest */;
			productType = "com.apple.product-type.bundle.ui-testing";
		};
/* End PBXNativeTarget section */

/* Begin PBXProject section */
		760AB7341E794BC400C29F43 /* Project object */ = {
			isa = PBXProject;
			attributes = {
				LastSwiftUpdateCheck = 0820;
				LastUpgradeCheck = 0820;
				ORGANIZATIONNAME = "spectator Mr.Z";
				TargetAttributes = {
					747293E91E7A594400DF1BFD = {
						CreatedOnToolsVersion = 8.2.1;
						ProvisioningStyle = Automatic;
						TestTargetID = 760AB73B1E794BC400C29F43;
					};
					760AB73B1E794BC400C29F43 = {
						CreatedOnToolsVersion = 8.2.1;
						ProvisioningStyle = Automatic;
					};
					760AB74F1E794BC400C29F43 = {
						CreatedOnToolsVersion = 8.2.1;
						ProvisioningStyle = Automatic;
						TestTargetID = 760AB73B1E794BC400C29F43;
					};
					760AB75A1E794BC400C29F43 = {
						CreatedOnToolsVersion = 8.2.1;
						ProvisioningStyle = Automatic;
						TestTargetID = 760AB73B1E794BC400C29F43;
					};
				};
			};
			buildConfigurationList = 760AB7371E794BC400C29F43 /* Build configuration list for PBXProject "SNMichealCalendar" */;
			compatibilityVersion = "Xcode 3.2";
			developmentRegion = English;
			hasScannedForEncodings = 0;
			knownRegions = (
				en,
				Base,
			);
			mainGroup = 760AB7331E794BC400C29F43;
			productRefGroup = 760AB73D1E794BC400C29F43 /* Products */;
			projectDirPath = "";
			projectRoot = "";
			targets = (
				760AB73B1E794BC400C29F43 /* SNMichealCalendar */,
				760AB74F1E794BC400C29F43 /* SNMichealCalendarTests */,
				760AB75A1E794BC400C29F43 /* SNMichealCalendarUITests */,
				747293E91E7A594400DF1BFD /* SNCalendarTests */,
			);
		};
/* End PBXProject section */

/* Begin PBXResourcesBuildPhase section */
		747293E81E7A594400DF1BFD /* Resources */ = {
			isa = PBXResourcesBuildPhase;
			buildActionMask = 2147483647;
			files = (
			);
			runOnlyForDeploymentPostprocessing = 0;
		};
		760AB73A1E794BC400C29F43 /* Resources */ = {
			isa = PBXResourcesBuildPhase;
			buildActionMask = 2147483647;
			files = (
				760AB74A1E794BC400C29F43 /* LaunchScreen.storyboard in Resources */,
				760AB7471E794BC400C29F43 /* Assets.xcassets in Resources */,
				760AB7B81E7988D000C29F43 /* Info.plist in Resources */,
				760AB7771E7958B800C29F43 /* leftArrow.png in Resources */,
				760AB7791E7958C000C29F43 /* rightArrow.png in Resources */,
				760AB7451E794BC400C29F43 /* Main.storyboard in Resources */,
			);
			runOnlyForDeploymentPostprocessing = 0;
		};
		760AB74E1E794BC400C29F43 /* Resources */ = {
			isa = PBXResourcesBuildPhase;
			buildActionMask = 2147483647;
			files = (
			);
			runOnlyForDeploymentPostprocessing = 0;
		};
		760AB7591E794BC400C29F43 /* Resources */ = {
			isa = PBXResourcesBuildPhase;
			buildActionMask = 2147483647;
			files = (
			);
			runOnlyForDeploymentPostprocessing = 0;
		};
/* End PBXResourcesBuildPhase section */

/* Begin PBXSourcesBuildPhase section */
		747293E61E7A594400DF1BFD /* Sources */ = {
			isa = PBXSourcesBuildPhase;
			buildActionMask = 2147483647;
			files = (
				747293ED1E7A594400DF1BFD /* SNCalendarTests.swift in Sources */,
			);
			runOnlyForDeploymentPostprocessing = 0;
		};
		760AB7381E794BC400C29F43 /* Sources */ = {
			isa = PBXSourcesBuildPhase;
			buildActionMask = 2147483647;
			files = (
				760AB7FF1E7AD9B100C29F43 /* SNMichealCalendar.swift in Sources */,
				760AB7B31E7988D000C29F43 /* ConstraintRelation.swift in Sources */,
				760AB7A21E7988D000C29F43 /* ConstraintInsets.swift in Sources */,
				760AB79F1E7988D000C29F43 /* ConstraintConstantTarget.swift in Sources */,
				760AB7AE1E7988D000C29F43 /* ConstraintMakerRelatable.swift in Sources */,
				760AB7B71E7988D000C29F43 /* Debugging.swift in Sources */,
				760AB7FD1E7AD75800C29F43 /* SNCalendarUntil.swift in Sources */,
				760AB79C1E7988D000C29F43 /* Constraint.swift in Sources */,
				760AB7B41E7988D000C29F43 /* ConstraintView+Extensions.swift in Sources */,
				760AB7B01E7988D000C29F43 /* ConstraintOffsetTarget.swift in Sources */,
				760AB7421E794BC400C29F43 /* ViewController.swift in Sources */,
				760AB7AC1E7988D000C29F43 /* ConstraintMakerFinalizable.swift in Sources */,
				760AB7B11E7988D000C29F43 /* ConstraintPriorityTarget.swift in Sources */,
				760AB7A11E7988D000C29F43 /* ConstraintDSL.swift in Sources */,
				760AB7A71E7988D000C29F43 /* ConstraintLayoutSupport.swift in Sources */,
				760AB7B21E7988D000C29F43 /* ConstraintRelatableTarget.swift in Sources */,
				760AB7B91E7988D000C29F43 /* LayoutConstraint.swift in Sources */,
				760AB7BD1E79AE7C00C29F43 /* SNMichealCalendarWeekReusableView.swift in Sources */,
				747293F51E7BB4C200DF1BFD /* SNOperator.swift in Sources */,
				760AB7BF1E79AEE300C29F43 /* SNMichealCalenderCell.swift in Sources */,
				760AB7A91E7988D000C29F43 /* ConstraintMaker.swift in Sources */,
				760AB79D1E7988D000C29F43 /* ConstraintAttributes.swift in Sources */,
				760AB7401E794BC400C29F43 /* AppDelegate.swift in Sources */,
				760AB7BB1E7988D000C29F43 /* UILayoutSupport+Extensions.swift in Sources */,
				760AB7A81E7988D000C29F43 /* ConstraintLayoutSupportDSL.swift in Sources */,
				760AB7A41E7988D000C29F43 /* ConstraintItem.swift in Sources */,
				760AB7AD1E7988D000C29F43 /* ConstraintMakerPriortizable.swift in Sources */,
				760AB7AA1E7988D000C29F43 /* ConstraintMakerEditable.swift in Sources */,
				760AB7A31E7988D000C29F43 /* ConstraintInsetTarget.swift in Sources */,
				760AB7B61E7988D000C29F43 /* ConstraintViewDSL.swift in Sources */,
				760AB7A51E7988D000C29F43 /* ConstraintLayoutGuide.swift in Sources */,
				760AB79E1E7988D000C29F43 /* ConstraintConfig.swift in Sources */,
				760AB7741E79516D00C29F43 /* SNMichealCalendarView.swift in Sources */,
				760AB7701E794FAF00C29F43 /* SNMichealCalendarFunction.swift in Sources */,
				760AB7BA1E7988D000C29F43 /* UILayoutGuide+Extensions.swift in Sources */,
				760AB7B51E7988D000C29F43 /* ConstraintView.swift in Sources */,
				760AB7AB1E7988D000C29F43 /* ConstraintMakerExtendable.swift in Sources */,
				760AB7A61E7988D000C29F43 /* ConstraintLayoutGuideDSL.swift in Sources */,
				760AB7721E794FE100C29F43 /* SNCommon.swift in Sources */,
				760AB7A01E7988D000C29F43 /* ConstraintDescription.swift in Sources */,
				760AB7AF1E7988D000C29F43 /* ConstraintMultiplierTarget.swift in Sources */,
			);
			runOnlyForDeploymentPostprocessing = 0;
		};
		760AB74C1E794BC400C29F43 /* Sources */ = {
			isa = PBXSourcesBuildPhase;
			buildActionMask = 2147483647;
			files = (
				760AB7551E794BC400C29F43 /* SNMichealCalendarTests.swift in Sources */,
			);
			runOnlyForDeploymentPostprocessing = 0;
		};
		760AB7571E794BC400C29F43 /* Sources */ = {
			isa = PBXSourcesBuildPhase;
			buildActionMask = 2147483647;
			files = (
				760AB7601E794BC400C29F43 /* SNMichealCalendarUITests.swift in Sources */,
			);
			runOnlyForDeploymentPostprocessing = 0;
		};
/* End PBXSourcesBuildPhase section */

/* Begin PBXTargetDependency section */
		747293F01E7A594400DF1BFD /* PBXTargetDependency */ = {
			isa = PBXTargetDependency;
			target = 760AB73B1E794BC400C29F43 /* SNMichealCalendar */;
			targetProxy = 747293EF1E7A594400DF1BFD /* PBXContainerItemProxy */;
		};
		760AB7521E794BC400C29F43 /* PBXTargetDependency */ = {
			isa = PBXTargetDependency;
			target = 760AB73B1E794BC400C29F43 /* SNMichealCalendar */;
			targetProxy = 760AB7511E794BC400C29F43 /* PBXContainerItemProxy */;
		};
		760AB75D1E794BC400C29F43 /* PBXTargetDependency */ = {
			isa = PBXTargetDependency;
			target = 760AB73B1E794BC400C29F43 /* SNMichealCalendar */;
			targetProxy = 760AB75C1E794BC400C29F43 /* PBXContainerItemProxy */;
		};
/* End PBXTargetDependency section */

/* Begin PBXVariantGroup section */
		760AB7431E794BC400C29F43 /* Main.storyboard */ = {
			isa = PBXVariantGroup;
			children = (
				760AB7441E794BC400C29F43 /* Base */,
			);
			name = Main.storyboard;
			sourceTree = "<group>";
		};
		760AB7481E794BC400C29F43 /* LaunchScreen.storyboard */ = {
			isa = PBXVariantGroup;
			children = (
				760AB7491E794BC400C29F43 /* Base */,
			);
			name = LaunchScreen.storyboard;
			sourceTree = "<group>";
		};
/* End PBXVariantGroup section */

/* Begin XCBuildConfiguration section */
		747293F21E7A594400DF1BFD /* Debug */ = {
			isa = XCBuildConfiguration;
			buildSettings = {
				BUNDLE_LOADER = "$(TEST_HOST)";
				INFOPLIST_FILE = SNCalendarTests/Info.plist;
				LD_RUNPATH_SEARCH_PATHS = "$(inherited) @executable_path/Frameworks @loader_path/Frameworks";
				PRODUCT_BUNDLE_IDENTIFIER = com.sepctatornan.SNCalendarTests;
				PRODUCT_NAME = "$(TARGET_NAME)";
				SWIFT_VERSION = 3.0;
				TEST_HOST = "$(BUILT_PRODUCTS_DIR)/SNMichealCalendar.app/SNMichealCalendar";
			};
			name = Debug;
		};
		747293F31E7A594400DF1BFD /* Release */ = {
			isa = XCBuildConfiguration;
			buildSettings = {
				BUNDLE_LOADER = "$(TEST_HOST)";
				INFOPLIST_FILE = SNCalendarTests/Info.plist;
				LD_RUNPATH_SEARCH_PATHS = "$(inherited) @executable_path/Frameworks @loader_path/Frameworks";
				PRODUCT_BUNDLE_IDENTIFIER = com.sepctatornan.SNCalendarTests;
				PRODUCT_NAME = "$(TARGET_NAME)";
				SWIFT_VERSION = 3.0;
				TEST_HOST = "$(BUILT_PRODUCTS_DIR)/SNMichealCalendar.app/SNMichealCalendar";
			};
			name = Release;
		};
		760AB7621E794BC400C29F43 /* Debug */ = {
			isa = XCBuildConfiguration;
			buildSettings = {
				ALWAYS_SEARCH_USER_PATHS = NO;
				CLANG_ANALYZER_NONNULL = YES;
				CLANG_CXX_LANGUAGE_STANDARD = "gnu++0x";
				CLANG_CXX_LIBRARY = "libc++";
				CLANG_ENABLE_MODULES = YES;
				CLANG_ENABLE_OBJC_ARC = YES;
				CLANG_WARN_BOOL_CONVERSION = YES;
				CLANG_WARN_CONSTANT_CONVERSION = YES;
				CLANG_WARN_DIRECT_OBJC_ISA_USAGE = YES_ERROR;
				CLANG_WARN_DOCUMENTATION_COMMENTS = YES;
				CLANG_WARN_EMPTY_BODY = YES;
				CLANG_WARN_ENUM_CONVERSION = YES;
				CLANG_WARN_INFINITE_RECURSION = YES;
				CLANG_WARN_INT_CONVERSION = YES;
				CLANG_WARN_OBJC_ROOT_CLASS = YES_ERROR;
				CLANG_WARN_SUSPICIOUS_MOVE = YES;
				CLANG_WARN_UNREACHABLE_CODE = YES;
				CLANG_WARN__DUPLICATE_METHOD_MATCH = YES;
				"CODE_SIGN_IDENTITY[sdk=iphoneos*]" = "iPhone Developer";
				COPY_PHASE_STRIP = NO;
				DEBUG_INFORMATION_FORMAT = dwarf;
				ENABLE_STRICT_OBJC_MSGSEND = YES;
				ENABLE_TESTABILITY = YES;
				GCC_C_LANGUAGE_STANDARD = gnu99;
				GCC_DYNAMIC_NO_PIC = NO;
				GCC_NO_COMMON_BLOCKS = YES;
				GCC_OPTIMIZATION_LEVEL = 0;
				GCC_PREPROCESSOR_DEFINITIONS = (
					"DEBUG=1",
					"$(inherited)",
				);
				GCC_WARN_64_TO_32_BIT_CONVERSION = YES;
				GCC_WARN_ABOUT_RETURN_TYPE = YES_ERROR;
				GCC_WARN_UNDECLARED_SELECTOR = YES;
				GCC_WARN_UNINITIALIZED_AUTOS = YES_AGGRESSIVE;
				GCC_WARN_UNUSED_FUNCTION = YES;
				GCC_WARN_UNUSED_VARIABLE = YES;
				IPHONEOS_DEPLOYMENT_TARGET = 10.2;
				MTL_ENABLE_DEBUG_INFO = YES;
				ONLY_ACTIVE_ARCH = YES;
				SDKROOT = iphoneos;
				SWIFT_ACTIVE_COMPILATION_CONDITIONS = DEBUG;
				SWIFT_OPTIMIZATION_LEVEL = "-Onone";
				TARGETED_DEVICE_FAMILY = "1,2";
			};
			name = Debug;
		};
		760AB7631E794BC400C29F43 /* Release */ = {
			isa = XCBuildConfiguration;
			buildSettings = {
				ALWAYS_SEARCH_USER_PATHS = NO;
				CLANG_ANALYZER_NONNULL = YES;
				CLANG_CXX_LANGUAGE_STANDARD = "gnu++0x";
				CLANG_CXX_LIBRARY = "libc++";
				CLANG_ENABLE_MODULES = YES;
				CLANG_ENABLE_OBJC_ARC = YES;
				CLANG_WARN_BOOL_CONVERSION = YES;
				CLANG_WARN_CONSTANT_CONVERSION = YES;
				CLANG_WARN_DIRECT_OBJC_ISA_USAGE = YES_ERROR;
				CLANG_WARN_DOCUMENTATION_COMMENTS = YES;
				CLANG_WARN_EMPTY_BODY = YES;
				CLANG_WARN_ENUM_CONVERSION = YES;
				CLANG_WARN_INFINITE_RECURSION = YES;
				CLANG_WARN_INT_CONVERSION = YES;
				CLANG_WARN_OBJC_ROOT_CLASS = YES_ERROR;
				CLANG_WARN_SUSPICIOUS_MOVE = YES;
				CLANG_WARN_UNREACHABLE_CODE = YES;
				CLANG_WARN__DUPLICATE_METHOD_MATCH = YES;
				"CODE_SIGN_IDENTITY[sdk=iphoneos*]" = "iPhone Developer";
				COPY_PHASE_STRIP = NO;
				DEBUG_INFORMATION_FORMAT = "dwarf-with-dsym";
				ENABLE_NS_ASSERTIONS = NO;
				ENABLE_STRICT_OBJC_MSGSEND = YES;
				GCC_C_LANGUAGE_STANDARD = gnu99;
				GCC_NO_COMMON_BLOCKS = YES;
				GCC_WARN_64_TO_32_BIT_CONVERSION = YES;
				GCC_WARN_ABOUT_RETURN_TYPE = YES_ERROR;
				GCC_WARN_UNDECLARED_SELECTOR = YES;
				GCC_WARN_UNINITIALIZED_AUTOS = YES_AGGRESSIVE;
				GCC_WARN_UNUSED_FUNCTION = YES;
				GCC_WARN_UNUSED_VARIABLE = YES;
				IPHONEOS_DEPLOYMENT_TARGET = 10.2;
				MTL_ENABLE_DEBUG_INFO = NO;
				SDKROOT = iphoneos;
				SWIFT_OPTIMIZATION_LEVEL = "-Owholemodule";
				TARGETED_DEVICE_FAMILY = "1,2";
				VALIDATE_PRODUCT = YES;
			};
			name = Release;
		};
		760AB7651E794BC400C29F43 /* Debug */ = {
			isa = XCBuildConfiguration;
			buildSettings = {
				ASSETCATALOG_COMPILER_APPICON_NAME = AppIcon;
				INFOPLIST_FILE = SNMichealCalendar/Info.plist;
				LD_RUNPATH_SEARCH_PATHS = "$(inherited) @executable_path/Frameworks";
				PRODUCT_BUNDLE_IDENTIFIER = com.spectatorTest.SNMichealCalendar;
				PRODUCT_NAME = "$(TARGET_NAME)";
				SWIFT_VERSION = 3.0;
			};
			name = Debug;
		};
		760AB7661E794BC400C29F43 /* Release */ = {
			isa = XCBuildConfiguration;
			buildSettings = {
				ASSETCATALOG_COMPILER_APPICON_NAME = AppIcon;
				INFOPLIST_FILE = SNMichealCalendar/Info.plist;
				LD_RUNPATH_SEARCH_PATHS = "$(inherited) @executable_path/Frameworks";
				PRODUCT_BUNDLE_IDENTIFIER = com.spectatorTest.SNMichealCalendar;
				PRODUCT_NAME = "$(TARGET_NAME)";
				SWIFT_VERSION = 3.0;
			};
			name = Release;
		};
		760AB7681E794BC400C29F43 /* Debug */ = {
			isa = XCBuildConfiguration;
			buildSettings = {
				ALWAYS_EMBED_SWIFT_STANDARD_LIBRARIES = YES;
				BUNDLE_LOADER = "$(TEST_HOST)";
				INFOPLIST_FILE = SNMichealCalendarTests/Info.plist;
				LD_RUNPATH_SEARCH_PATHS = "$(inherited) @executable_path/Frameworks @loader_path/Frameworks";
				PRODUCT_BUNDLE_IDENTIFIER = com.spectatorTest.SNMichealCalendarTests;
				PRODUCT_NAME = "$(TARGET_NAME)";
				SWIFT_VERSION = 3.0;
				TEST_HOST = "$(BUILT_PRODUCTS_DIR)/SNMichealCalendar.app/SNMichealCalendar";
			};
			name = Debug;
		};
		760AB7691E794BC400C29F43 /* Release */ = {
			isa = XCBuildConfiguration;
			buildSettings = {
				ALWAYS_EMBED_SWIFT_STANDARD_LIBRARIES = YES;
				BUNDLE_LOADER = "$(TEST_HOST)";
				INFOPLIST_FILE = SNMichealCalendarTests/Info.plist;
				LD_RUNPATH_SEARCH_PATHS = "$(inherited) @executable_path/Frameworks @loader_path/Frameworks";
				PRODUCT_BUNDLE_IDENTIFIER = com.spectatorTest.SNMichealCalendarTests;
				PRODUCT_NAME = "$(TARGET_NAME)";
				SWIFT_VERSION = 3.0;
				TEST_HOST = "$(BUILT_PRODUCTS_DIR)/SNMichealCalendar.app/SNMichealCalendar";
			};
			name = Release;
		};
		760AB76B1E794BC400C29F43 /* Debug */ = {
			isa = XCBuildConfiguration;
			buildSettings = {
				ALWAYS_EMBED_SWIFT_STANDARD_LIBRARIES = YES;
				INFOPLIST_FILE = SNMichealCalendarUITests/Info.plist;
				LD_RUNPATH_SEARCH_PATHS = "$(inherited) @executable_path/Frameworks @loader_path/Frameworks";
				PRODUCT_BUNDLE_IDENTIFIER = com.spectatorTest.SNMichealCalendarUITests;
				PRODUCT_NAME = "$(TARGET_NAME)";
				SWIFT_VERSION = 3.0;
				TEST_TARGET_NAME = SNMichealCalendar;
			};
			name = Debug;
		};
		760AB76C1E794BC400C29F43 /* Release */ = {
			isa = XCBuildConfiguration;
			buildSettings = {
				ALWAYS_EMBED_SWIFT_STANDARD_LIBRARIES = YES;
				INFOPLIST_FILE = SNMichealCalendarUITests/Info.plist;
				LD_RUNPATH_SEARCH_PATHS = "$(inherited) @executable_path/Frameworks @loader_path/Frameworks";
				PRODUCT_BUNDLE_IDENTIFIER = com.spectatorTest.SNMichealCalendarUITests;
				PRODUCT_NAME = "$(TARGET_NAME)";
				SWIFT_VERSION = 3.0;
				TEST_TARGET_NAME = SNMichealCalendar;
			};
			name = Release;
		};
/* End XCBuildConfiguration section */

/* Begin XCConfigurationList section */
		747293F11E7A594400DF1BFD /* Build configuration list for PBXNativeTarget "SNCalendarTests" */ = {
			isa = XCConfigurationList;
			buildConfigurations = (
				747293F21E7A594400DF1BFD /* Debug */,
				747293F31E7A594400DF1BFD /* Release */,
			);
			defaultConfigurationIsVisible = 0;
			defaultConfigurationName = Release;
		};
		760AB7371E794BC400C29F43 /* Build configuration list for PBXProject "SNMichealCalendar" */ = {
			isa = XCConfigurationList;
			buildConfigurations = (
				760AB7621E794BC400C29F43 /* Debug */,
				760AB7631E794BC400C29F43 /* Release */,
			);
			defaultConfigurationIsVisible = 0;
			defaultConfigurationName = Release;
		};
		760AB7641E794BC400C29F43 /* Build configuration list for PBXNativeTarget "SNMichealCalendar" */ = {
			isa = XCConfigurationList;
			buildConfigurations = (
				760AB7651E794BC400C29F43 /* Debug */,
				760AB7661E794BC400C29F43 /* Release */,
			);
			defaultConfigurationIsVisible = 0;
			defaultConfigurationName = Release;
		};
		760AB7671E794BC400C29F43 /* Build configuration list for PBXNativeTarget "SNMichealCalendarTests" */ = {
			isa = XCConfigurationList;
			buildConfigurations = (
				760AB7681E794BC400C29F43 /* Debug */,
				760AB7691E794BC400C29F43 /* Release */,
			);
			defaultConfigurationIsVisible = 0;
			defaultConfigurationName = Release;
		};
		760AB76A1E794BC400C29F43 /* Build configuration list for PBXNativeTarget "SNMichealCalendarUITests" */ = {
			isa = XCConfigurationList;
			buildConfigurations = (
				760AB76B1E794BC400C29F43 /* Debug */,
				760AB76C1E794BC400C29F43 /* Release */,
			);
			defaultConfigurationIsVisible = 0;
			defaultConfigurationName = Release;
		};
/* End XCConfigurationList section */
	};
	rootObject = 760AB7341E794BC400C29F43 /* Project object */;
}
